// !$*UTF8*$!
{
	archiveVersion = 1;
	classes = {
	};
	objectVersion = 46;
	objects = {

/* Begin PBXBuildFile section */
		0BF2CE841DFDE3E5001F9DBC /* AppDelegate.swift in Sources */ = {isa = PBXBuildFile; fileRef = 0BF2CE831DFDE3E5001F9DBC /* AppDelegate.swift */; };
		0BF2CE861DFDE3E5001F9DBC /* ViewController.swift in Sources */ = {isa = PBXBuildFile; fileRef = 0BF2CE851DFDE3E5001F9DBC /* ViewController.swift */; };
		0BF2CE8E1DFDE3E5001F9DBC /* LaunchScreen.storyboard in Resources */ = {isa = PBXBuildFile; fileRef = 0BF2CE8C1DFDE3E5001F9DBC /* LaunchScreen.storyboard */; };
		0BF2CE961DFDE4B0001F9DBC /* WeatherGetter.swift in Sources */ = {isa = PBXBuildFile; fileRef = 0BF2CE951DFDE4B0001F9DBC /* WeatherGetter.swift */; };
		0BF2CE981DFDE4CA001F9DBC /* Weather.swift in Sources */ = {isa = PBXBuildFile; fileRef = 0BF2CE971DFDE4CA001F9DBC /* Weather.swift */; };
		0BF2CE9C1DFDE603001F9DBC /* Main.storyboard in Resources */ = {isa = PBXBuildFile; fileRef = 0BF2CE9B1DFDE603001F9DBC /* Main.storyboard */; };
		0BF2CE9E1DFDE772001F9DBC /* Info.plist in Resources */ = {isa = PBXBuildFile; fileRef = 0BF2CE9D1DFDE772001F9DBC /* Info.plist */; };
		0BF2CEA01DFE0527001F9DBC /* lol.wav in Resources */ = {isa = PBXBuildFile; fileRef = 0BF2CE9F1DFE0527001F9DBC /* lol.wav */; };
/* End PBXBuildFile section */

/* Begin PBXFileReference section */
		0BF2CE801DFDE3E5001F9DBC /* Coat For Arms.app */ = {isa = PBXFileReference; explicitFileType = wrapper.application; includeInIndex = 0; path = "Coat For Arms.app"; sourceTree = BUILT_PRODUCTS_DIR; };
		0BF2CE831DFDE3E5001F9DBC /* AppDelegate.swift */ = {isa = PBXFileReference; lastKnownFileType = sourcecode.swift; path = AppDelegate.swift; sourceTree = "<group>"; };
		0BF2CE851DFDE3E5001F9DBC /* ViewController.swift */ = {isa = PBXFileReference; lastKnownFileType = sourcecode.swift; path = ViewController.swift; sourceTree = "<group>"; };
		0BF2CE8D1DFDE3E5001F9DBC /* Base */ = {isa = PBXFileReference; lastKnownFileType = file.storyboard; name = Base; path = Base.lproj/LaunchScreen.storyboard; sourceTree = "<group>"; };
		0BF2CE951DFDE4B0001F9DBC /* WeatherGetter.swift */ = {isa = PBXFileReference; fileEncoding = 4; lastKnownFileType = sourcecode.swift; path = WeatherGetter.swift; sourceTree = "<group>"; };
		0BF2CE971DFDE4CA001F9DBC /* Weather.swift */ = {isa = PBXFileReference; fileEncoding = 4; lastKnownFileType = sourcecode.swift; path = Weather.swift; sourceTree = "<group>"; };
		0BF2CE9B1DFDE603001F9DBC /* Main.storyboard */ = {isa = PBXFileReference; fileEncoding = 4; lastKnownFileType = file.storyboard; path = Main.storyboard; sourceTree = "<group>"; };
		0BF2CE9D1DFDE772001F9DBC /* Info.plist */ = {isa = PBXFileReference; fileEncoding = 4; lastKnownFileType = text.plist.xml; path = Info.plist; sourceTree = "<group>"; };
		0BF2CE9F1DFE0527001F9DBC /* lol.wav */ = {isa = PBXFileReference; lastKnownFileType = audio.wav; path = lol.wav; sourceTree = "<group>"; };
/* End PBXFileReference section */

/* Begin PBXFrameworksBuildPhase section */
		0BF2CE7D1DFDE3E5001F9DBC /* Frameworks */ = {
			isa = PBXFrameworksBuildPhase;
			buildActionMask = 2147483647;
			files = (
			);
			runOnlyForDeploymentPostprocessing = 0;
		};
/* End PBXFrameworksBuildPhase section */

/* Begin PBXGroup section */
		0BF2CE771DFDE3E5001F9DBC = {
			isa = PBXGroup;
			children = (
				0BF2CE821DFDE3E5001F9DBC /* Coat For Arms */,
				0BF2CE811DFDE3E5001F9DBC /* Products */,
			);
			sourceTree = "<group>";
		};
		0BF2CE811DFDE3E5001F9DBC /* Products */ = {
			isa = PBXGroup;
			children = (
				0BF2CE801DFDE3E5001F9DBC /* Coat For Arms.app */,
			);
			name = Products;
			sourceTree = "<group>";
		};
		0BF2CE821DFDE3E5001F9DBC /* Coat For Arms */ = {
			isa = PBXGroup;
			children = (
				0BF2CE831DFDE3E5001F9DBC /* AppDelegate.swift */,
				0BF2CE851DFDE3E5001F9DBC /* ViewController.swift */,
				0BF2CE951DFDE4B0001F9DBC /* WeatherGetter.swift */,
				0BF2CE971DFDE4CA001F9DBC /* Weather.swift */,
				0BF2CE8C1DFDE3E5001F9DBC /* LaunchScreen.storyboard */,
				0BF2CE9D1DFDE772001F9DBC /* Info.plist */,
				0BF2CE9B1DFDE603001F9DBC /* Main.storyboard */,
				0BF2CE9F1DFE0527001F9DBC /* lol.wav */,
			);
			path = "Coat For Arms";
			sourceTree = "<group>";
		};
/* End PBXGroup section */

/* Begin PBXNativeTarget section */
		0BF2CE7F1DFDE3E5001F9DBC /* Coat For Arms */ = {
			isa = PBXNativeTarget;
			buildConfigurationList = 0BF2CE921DFDE3E5001F9DBC /* Build configuration list for PBXNativeTarget "Coat For Arms" */;
			buildPhases = (
				0BF2CE7C1DFDE3E5001F9DBC /* Sources */,
				0BF2CE7D1DFDE3E5001F9DBC /* Frameworks */,
				0BF2CE7E1DFDE3E5001F9DBC /* Resources */,
			);
			buildRules = (
			);
			dependencies = (
			);
			name = "Coat For Arms";
			productName = "Coat For Arms";
			productReference = 0BF2CE801DFDE3E5001F9DBC /* Coat For Arms.app */;
			productType = "com.apple.product-type.application";
		};
/* End PBXNativeTarget section */

/* Begin PBXProject section */
		0BF2CE781DFDE3E5001F9DBC /* Project object */ = {
			isa = PBXProject;
			attributes = {
				LastSwiftUpdateCheck = 0720;
				LastUpgradeCheck = 0720;
				ORGANIZATIONNAME = Carter;
				TargetAttributes = {
					0BF2CE7F1DFDE3E5001F9DBC = {
						CreatedOnToolsVersion = 7.2;
					};
				};
			};
			buildConfigurationList = 0BF2CE7B1DFDE3E5001F9DBC /* Build configuration list for PBXProject "Coat For Arms" */;
			compatibilityVersion = "Xcode 3.2";
			developmentRegion = English;
			hasScannedForEncodings = 0;
			knownRegions = (
				en,
				Base,
			);
			mainGroup = 0BF2CE771DFDE3E5001F9DBC;
			productRefGroup = 0BF2CE811DFDE3E5001F9DBC /* Products */;
			projectDirPath = "";
			projectRoot = "";
			targets = (
				0BF2CE7F1DFDE3E5001F9DBC /* Coat For Arms */,
			);
		};
/* End PBXProject section */

/* Begin PBXResourcesBuildPhase section */
		0BF2CE7E1DFDE3E5001F9DBC /* Resources */ = {
			isa = PBXResourcesBuildPhase;
			buildActionMask = 2147483647;
			files = (
				0BF2CE8E1DFDE3E5001F9DBC /* LaunchScreen.storyboard in Resources */,
				0BF2CE9C1DFDE603001F9DBC /* Main.storyboard in Resources */,
				0BF2CE9E1DFDE772001F9DBC /* Info.plist in Resources */,
				0BF2CEA01DFE0527001F9DBC /* lol.wav in Resources */,
			);
			runOnlyForDeploymentPostprocessing = 0;
		};
/* End PBXResourcesBuildPhase section */

/* Begin PBXSourcesBuildPhase section */
		0BF2CE7C1DFDE3E5001F9DBC /* Sources */ = {
			isa = PBXSourcesBuildPhase;
			buildActionMask = 2147483647;
			files = (
				0BF2CE981DFDE4CA001F9DBC /* Weather.swift in Sources */,
				0BF2CE861DFDE3E5001F9DBC /* ViewController.swift in Sources */,
				0BF2CE961DFDE4B0001F9DBC /* WeatherGetter.swift in Sources */,
				0BF2CE841DFDE3E5001F9DBC /* AppDelegate.swift in Sources */,
			);
			runOnlyForDeploymentPostprocessing = 0;
		};
/* End PBXSourcesBuildPhase section */

/* Begin PBXVariantGroup section */
		0BF2CE8C1DFDE3E5001F9DBC /* LaunchScreen.storyboard */ = {
			isa = PBXVariantGroup;
			children = (
				0BF2CE8D1DFDE3E5001F9DBC /* Base */,
			);
			name = LaunchScreen.storyboard;
			sourceTree = "<group>";
		};
/* End PBXVariantGroup section */

/* Begin XCBuildConfiguration section */
		0BF2CE901DFDE3E5001F9DBC /* Debug */ = {
			isa = XCBuildConfiguration;
			buildSettings = {
				ALWAYS_SEARCH_USER_PATHS = NO;
				CLANG_CXX_LANGUAGE_STANDARD = "gnu++0x";
				CLANG_CXX_LIBRARY = "libc++";
				CLANG_ENABLE_MODULES = YES;
				CLANG_ENABLE_OBJC_ARC = YES;
				CLANG_WARN_BOOL_CONVERSION = YES;
				CLANG_WARN_CONSTANT_CONVERSION = YES;
				CLANG_WARN_DIRECT_OBJC_ISA_USAGE = YES_ERROR;
				CLANG_WARN_EMPTY_BODY = YES;
				CLANG_WARN_ENUM_CONVERSION = YES;
				CLANG_WARN_INT_CONVERSION = YES;
				CLANG_WARN_OBJC_ROOT_CLASS = YES_ERROR;
				CLANG_WARN_UNREACHABLE_CODE = YES;
				CLANG_WARN__DUPLICATE_METHOD_MATCH = YES;
				"CODE_SIGN_IDENTITY[sdk=iphoneos*]" = "iPhone Developer";
				COPY_PHASE_STRIP = NO;
				DEBUG_INFORMATION_FORMAT = dwarf;
				ENABLE_STRICT_OBJC_MSGSEND = YES;
				ENABLE_TESTABILITY = YES;
				GCC_C_LANGUAGE_STANDARD = gnu99;
				GCC_DYNAMIC_NO_PIC = NO;
				GCC_NO_COMMON_BLOCKS = YES;
				GCC_OPTIMIZATION_LEVEL = 0;
				GCC_PREPROCESSOR_DEFINITIONS = (
					"DEBUG=1",
					"$(inherited)",
				);
				GCC_WARN_64_TO_32_BIT_CONVERSION = YES;
				GCC_WARN_ABOUT_RETURN_TYPE = YES_ERROR;
				GCC_WARN_UNDECLARED_SELECTOR = YES;
				GCC_WARN_UNINITIALIZED_AUTOS = YES_AGGRESSIVE;
				GCC_WARN_UNUSED_FUNCTION = YES;
				GCC_WARN_UNUSED_VARIABLE = YES;
				IPHONEOS_DEPLOYMENT_TARGET = 9.2;
				MTL_ENABLE_DEBUG_INFO = YES;
				ONLY_ACTIVE_ARCH = YES;
				SDKROOT = iphoneos;
				SWIFT_OPTIMIZATION_LEVEL = "-Onone";
				TARGETED_DEVICE_FAMILY = "1,2";
			};
			name = Debug;
		};
		0BF2CE911DFDE3E5001F9DBC /* Release */ = {
			isa = XCBuildConfiguration;
			buildSettings = {
				ALWAYS_SEARCH_USER_PATHS = NO;
				CLANG_CXX_LANGUAGE_STANDARD = "gnu++0x";
				CLANG_CXX_LIBRARY = "libc++";
				CLANG_ENABLE_MODULES = YES;
				CLANG_ENABLE_OBJC_ARC = YES;
				CLANG_WARN_BOOL_CONVERSION = YES;
				CLANG_WARN_CONSTANT_CONVERSION = YES;
				CLANG_WARN_DIRECT_OBJC_ISA_USAGE = YES_ERROR;
				CLANG_WARN_EMPTY_BODY = YES;
				CLANG_WARN_ENUM_CONVERSION = YES;
				CLANG_WARN_INT_CONVERSION = YES;
				CLANG_WARN_OBJC_ROOT_CLASS = YES_ERROR;
				CLANG_WARN_UNREACHABLE_CODE = YES;
				CLANG_WARN__DUPLICATE_METHOD_MATCH = YES;
				"CODE_SIGN_IDENTITY[sdk=iphoneos*]" = "iPhone Developer";
				COPY_PHASE_STRIP = NO;
				DEBUG_INFORMATION_FORMAT = "dwarf-with-dsym";
				ENABLE_NS_ASSERTIONS = NO;
				ENABLE_STRICT_OBJC_MSGSEND = YES;
				GCC_C_LANGUAGE_STANDARD = gnu99;
				GCC_NO_COMMON_BLOCKS = YES;
				GCC_WARN_64_TO_32_BIT_CONVERSION = YES;
				GCC_WARN_ABOUT_RETURN_TYPE = YES_ERROR;
				GCC_WARN_UNDECLARED_SELECTOR = YES;
				GCC_WARN_UNINITIALIZED_AUTOS = YES_AGGRESSIVE;
				GCC_WARN_UNUSED_FUNCTION = YES;
				GCC_WARN_UNUSED_VARIABLE = YES;
				IPHONEOS_DEPLOYMENT_TARGET = 9.2;
				MTL_ENABLE_DEBUG_INFO = NO;
				SDKROOT = iphoneos;
				TARGETED_DEVICE_FAMILY = "1,2";
				VALIDATE_PRODUCT = YES;
			};
			name = Release;
		};
		0BF2CE931DFDE3E5001F9DBC /* Debug */ = {
			isa = XCBuildConfiguration;
			buildSettings = {
				ASSETCATALOG_COMPILER_APPICON_NAME = AppIcon;
				INFOPLIST_FILE = "Coat For Arms/Info.plist";
				LD_RUNPATH_SEARCH_PATHS = "$(inherited) @executable_path/Frameworks";
				PRODUCT_BUNDLE_IDENTIFIER = "com.example.Coat-For-Arms";
				PRODUCT_NAME = "$(TARGET_NAME)";
			};
			name = Debug;
		};
		0BF2CE941DFDE3E5001F9DBC /* Release */ = {
			isa = XCBuildConfiguration;
			buildSettings = {
				ASSETCATALOG_COMPILER_APPICON_NAME = AppIcon;
				INFOPLIST_FILE = "Coat For Arms/Info.plist";
				LD_RUNPATH_SEARCH_PATHS = "$(inherited) @executable_path/Frameworks";
				PRODUCT_BUNDLE_IDENTIFIER = "com.example.Coat-For-Arms";
				PRODUCT_NAME = "$(TARGET_NAME)";
			};
			name = Release;
		};
/* End XCBuildConfiguration section */

/* Begin XCConfigurationList section */
		0BF2CE7B1DFDE3E5001F9DBC /* Build configuration list for PBXProject "Coat For Arms" */ = {
			isa = XCConfigurationList;
			buildConfigurations = (
				0BF2CE901DFDE3E5001F9DBC /* Debug */,
				0BF2CE911DFDE3E5001F9DBC /* Release */,
			);
			defaultConfigurationIsVisible = 0;
			defaultConfigurationName = Release;
		};
		0BF2CE921DFDE3E5001F9DBC /* Build configuration list for PBXNativeTarget "Coat For Arms" */ = {
			isa = XCConfigurationList;
			buildConfigurations = (
				0BF2CE931DFDE3E5001F9DBC /* Debug */,
				0BF2CE941DFDE3E5001F9DBC /* Release */,
			);
			defaultConfigurationIsVisible = 0;
			defaultConfigurationName = Release;
		};
/* End XCConfigurationList section */
	};
	rootObject = 0BF2CE781DFDE3E5001F9DBC /* Project object */;
}
